
Microsoft Visual Studio Solution File, Format Version 12.00
# Visual Studio 15
VisualStudioVersion = 15.0.26124.0
MinimumVisualStudioVersion = 15.0.26124.0
Project("{2150E333-8FDC-42A3-9474-1A3956D46DE8}") = "src", "src", "{B5575A0C-EAF0-43DC-B3DF-AB76A6605A04}"
EndProject
Project("{FAE04EC0-301F-11D3-BF4B-00C04F79EFBC}") = "Eto.Generator", "src\Eto.Generator\Eto.Generator.csproj", "{9A7B5BD7-34EA-4826-A075-12E62CE230FB}"
EndProject
Project("{2150E333-8FDC-42A3-9474-1A3956D46DE8}") = "tests", "tests", "{BEC8BE22-914B-4EFB-91B0-5378284A49E7}"
EndProject
Project("{FAE04EC0-301F-11D3-BF4B-00C04F79EFBC}") = "Eto.Generator.Tests", "tests\Eto.Generator.Tests\Eto.Generator.Tests.csproj", "{44E7DFF3-6296-4411-9D84-730AFE1960D5}"
EndProject
Global
	GlobalSection(SolutionConfigurationPlatforms) = preSolution
		Debug|Any CPU = Debug|Any CPU
		Debug|x64 = Debug|x64
		Debug|x86 = Debug|x86
		Release|Any CPU = Release|Any CPU
		Release|x64 = Release|x64
		Release|x86 = Release|x86
	EndGlobalSection
	GlobalSection(SolutionProperties) = preSolution
		HideSolutionNode = FALSE
	EndGlobalSection
	GlobalSection(ProjectConfigurationPlatforms) = postSolution
		{9A7B5BD7-34EA-4826-A075-12E62CE230FB}.Debug|Any CPU.ActiveCfg = Debug|Any CPU
		{9A7B5BD7-34EA-4826-A075-12E62CE230FB}.Debug|Any CPU.Build.0 = Debug|Any CPU
		{9A7B5BD7-34EA-4826-A075-12E62CE230FB}.Debug|x64.ActiveCfg = Debug|x64
		{9A7B5BD7-34EA-4826-A075-12E62CE230FB}.Debug|x64.Build.0 = Debug|x64
		{9A7B5BD7-34EA-4826-A075-12E62CE230FB}.Debug|x86.ActiveCfg = Debug|x86
		{9A7B5BD7-34EA-4826-A075-12E62CE230FB}.Debug|x86.Build.0 = Debug|x86
		{9A7B5BD7-34EA-4826-A075-12E62CE230FB}.Release|Any CPU.ActiveCfg = Release|Any CPU
		{9A7B5BD7-34EA-4826-A075-12E62CE230FB}.Release|Any CPU.Build.0 = Release|Any CPU
		{9A7B5BD7-34EA-4826-A075-12E62CE230FB}.Release|x64.ActiveCfg = Release|x64
		{9A7B5BD7-34EA-4826-A075-12E62CE230FB}.Release|x64.Build.0 = Release|x64
		{9A7B5BD7-34EA-4826-A075-12E62CE230FB}.Release|x86.ActiveCfg = Release|x86
		{9A7B5BD7-34EA-4826-A075-12E62CE230FB}.Release|x86.Build.0 = Release|x86
		{44E7DFF3-6296-4411-9D84-730AFE1960D5}.Debug|Any CPU.ActiveCfg = Debug|Any CPU
		{44E7DFF3-6296-4411-9D84-730AFE1960D5}.Debug|Any CPU.Build.0 = Debug|Any CPU
		{44E7DFF3-6296-4411-9D84-730AFE1960D5}.Debug|x64.ActiveCfg = Debug|x64
		{44E7DFF3-6296-4411-9D84-730AFE1960D5}.Debug|x64.Build.0 = Debug|x64
		{44E7DFF3-6296-4411-9D84-730AFE1960D5}.Debug|x86.ActiveCfg = Debug|x86
		{44E7DFF3-6296-4411-9D84-730AFE1960D5}.Debug|x86.Build.0 = Debug|x86
		{44E7DFF3-6296-4411-9D84-730AFE1960D5}.Release|Any CPU.ActiveCfg = Release|Any CPU
		{44E7DFF3-6296-4411-9D84-730AFE1960D5}.Release|Any CPU.Build.0 = Release|Any CPU
		{44E7DFF3-6296-4411-9D84-730AFE1960D5}.Release|x64.ActiveCfg = Release|x64
		{44E7DFF3-6296-4411-9D84-730AFE1960D5}.Release|x64.Build.0 = Release|x64
		{44E7DFF3-6296-4411-9D84-730AFE1960D5}.Release|x86.ActiveCfg = Release|x86
		{44E7DFF3-6296-4411-9D84-730AFE1960D5}.Release|x86.Build.0 = Release|x86
	EndGlobalSection
	GlobalSection(NestedProjects) = preSolution
		{9A7B5BD7-34EA-4826-A075-12E62CE230FB} = {B5575A0C-EAF0-43DC-B3DF-AB76A6605A04}
		{44E7DFF3-6296-4411-9D84-730AFE1960D5} = {BEC8BE22-914B-4EFB-91B0-5378284A49E7}
	EndGlobalSection
EndGlobal
